
Microsoft Visual Studio Solution File, Format Version 12.00
# Visual Studio Version 17
VisualStudioVersion = 17.5.33516.290
MinimumVisualStudioVersion = 10.0.40219.1
Project("{FAE04EC0-301F-11D3-BF4B-00C04F79EFBC}") = "MultipleForms", "MultipleForms\MultipleForms.csproj", "{F3E5C7ED-4B44-488D-B3DF-6F340E76F60F}"
EndProject
Global
	GlobalSection(SolutionConfigurationPlatforms) = preSolution
		Debug|Any CPU = Debug|Any CPU
		Release|Any CPU = Release|Any CPU
	EndGlobalSection
	GlobalSection(ProjectConfigurationPlatforms) = postSolution
		{F3E5C7ED-4B44-488D-B3DF-6F340E76F60F}.Debug|Any CPU.ActiveCfg = Debug|Any CPU
		{F3E5C7ED-4B44-488D-B3DF-6F340E76F60F}.Debug|Any CPU.Build.0 = Debug|Any CPU
		{F3E5C7ED-4B44-488D-B3DF-6F340E76F60F}.Release|Any CPU.ActiveCfg = Release|Any CPU
		{F3E5C7ED-4B44-488D-B3DF-6F340E76F60F}.Release|Any CPU.Build.0 = Release|Any CPU
	EndGlobalSection
	GlobalSection(SolutionProperties) = preSolution
		HideSolutionNode = FALSE
	EndGlobalSection
	GlobalSection(ExtensibilityGlobals) = postSolution
		SolutionGuid = {490EDD5B-2445-42AC-8E14-2D61B3F0D494}
	EndGlobalSection
EndGlobal
